
Microsoft Visual Studio Solution File, Format Version 12.00
# Visual Studio 15
VisualStudioVersion = 15.0.26124.0
MinimumVisualStudioVersion = 15.0.26124.0
Project("{2150E333-8FDC-42A3-9474-1A3956D46DE8}") = "src", "src", "{DB9A27E9-D69B-43A9-B1C0-72A27D67D2A0}"
EndProject
Project("{FAE04EC0-301F-11D3-BF4B-00C04F79EFBC}") = "Saga.Poc.Zoo.Domain", "src\Saga.Poc.Zoo.Domain\Saga.Poc.Zoo.Domain.csproj", "{4C3BDEF2-35E9-40C0-900C-0EC3AF8BC304}"
EndProject
Project("{FAE04EC0-301F-11D3-BF4B-00C04F79EFBC}") = "Saga.Poc.Fin.Domain", "src\Saga.Poc.Fin.Domain\Saga.Poc.Fin.Domain.csproj", "{74ED798C-9C64-41D3-8AD6-5766EC5E2497}"
EndProject
Project("{FAE04EC0-301F-11D3-BF4B-00C04F79EFBC}") = "Saga.Poc.Fin.Repo", "src\Saga.Poc.Fin.Repo\Saga.Poc.Fin.Repo.csproj", "{EB1E15FD-0F32-40BF-BCBE-905438AAF90D}"
EndProject
Project("{FAE04EC0-301F-11D3-BF4B-00C04F79EFBC}") = "Saga.Poc.Core", "src\Saga.Poc.Core\Saga.Poc.Core.csproj", "{7DA62AFB-1412-4E6F-B8DD-C3348981360F}"
EndProject
Project("{FAE04EC0-301F-11D3-BF4B-00C04F79EFBC}") = "Saga.Poc.Infra.Data", "src\Saga.Poc.Infra.Data\Saga.Poc.Infra.Data.csproj", "{82674A5D-7C2F-42E7-991C-1BE58B85502F}"
EndProject
Project("{FAE04EC0-301F-11D3-BF4B-00C04F79EFBC}") = "Saga.Poc.Zoo.Repo", "src\Saga.Poc.Zoo.Repo\Saga.Poc.Zoo.Repo.csproj", "{F7F79FA6-546B-4246-9030-C03C37178F02}"
EndProject
Project("{FAE04EC0-301F-11D3-BF4B-00C04F79EFBC}") = "Saga.Poc.Zoo.App", "src\Saga.Poc.Zoo.App\Saga.Poc.Zoo.App.csproj", "{53DEC218-09CD-474B-8670-D6BA528E93EC}"
EndProject
Project("{FAE04EC0-301F-11D3-BF4B-00C04F79EFBC}") = "Saga.Poc.Fin.App", "src\Saga.Poc.Fin.App\Saga.Poc.Fin.App.csproj", "{C0E79EF2-65A7-4E36-930C-552C81B1CEE7}"
EndProject
Project("{FAE04EC0-301F-11D3-BF4B-00C04F79EFBC}") = "Saga.Poc.Infra.Bus", "src\Saga.Poc.Infra.Bus\Saga.Poc.Infra.Bus.csproj", "{2C7F5A0C-6389-430D-9066-7D120AD83CFE}"
EndProject
Project("{FAE04EC0-301F-11D3-BF4B-00C04F79EFBC}") = "Saga.Poc.Infra.Bus.Rebus", "src\Saga.Poc.Infra.Bus.Rebus\Saga.Poc.Infra.Bus.Rebus.csproj", "{96539EFD-596C-4BFF-AB30-DCF7A4CC2AA6}"
EndProject
Project("{2150E333-8FDC-42A3-9474-1A3956D46DE8}") = "Infra", "Infra", "{7DFC52F0-0A28-11EB-BA91-77C8FEE718CF}"
EndProject
Global
	GlobalSection(SolutionConfigurationPlatforms) = preSolution
		Debug|Any CPU = Debug|Any CPU
		Debug|x64 = Debug|x64
		Debug|x86 = Debug|x86
		Release|Any CPU = Release|Any CPU
		Release|x64 = Release|x64
		Release|x86 = Release|x86
	EndGlobalSection
	GlobalSection(SolutionProperties) = preSolution
		HideSolutionNode = FALSE
	EndGlobalSection
	GlobalSection(ProjectConfigurationPlatforms) = postSolution
		{4C3BDEF2-35E9-40C0-900C-0EC3AF8BC304}.Debug|Any CPU.ActiveCfg = Debug|Any CPU
		{4C3BDEF2-35E9-40C0-900C-0EC3AF8BC304}.Debug|Any CPU.Build.0 = Debug|Any CPU
		{4C3BDEF2-35E9-40C0-900C-0EC3AF8BC304}.Debug|x64.ActiveCfg = Debug|Any CPU
		{4C3BDEF2-35E9-40C0-900C-0EC3AF8BC304}.Debug|x64.Build.0 = Debug|Any CPU
		{4C3BDEF2-35E9-40C0-900C-0EC3AF8BC304}.Debug|x86.ActiveCfg = Debug|Any CPU
		{4C3BDEF2-35E9-40C0-900C-0EC3AF8BC304}.Debug|x86.Build.0 = Debug|Any CPU
		{4C3BDEF2-35E9-40C0-900C-0EC3AF8BC304}.Release|Any CPU.ActiveCfg = Release|Any CPU
		{4C3BDEF2-35E9-40C0-900C-0EC3AF8BC304}.Release|Any CPU.Build.0 = Release|Any CPU
		{4C3BDEF2-35E9-40C0-900C-0EC3AF8BC304}.Release|x64.ActiveCfg = Release|Any CPU
		{4C3BDEF2-35E9-40C0-900C-0EC3AF8BC304}.Release|x64.Build.0 = Release|Any CPU
		{4C3BDEF2-35E9-40C0-900C-0EC3AF8BC304}.Release|x86.ActiveCfg = Release|Any CPU
		{4C3BDEF2-35E9-40C0-900C-0EC3AF8BC304}.Release|x86.Build.0 = Release|Any CPU
		{74ED798C-9C64-41D3-8AD6-5766EC5E2497}.Debug|Any CPU.ActiveCfg = Debug|Any CPU
		{74ED798C-9C64-41D3-8AD6-5766EC5E2497}.Debug|Any CPU.Build.0 = Debug|Any CPU
		{74ED798C-9C64-41D3-8AD6-5766EC5E2497}.Debug|x64.ActiveCfg = Debug|Any CPU
		{74ED798C-9C64-41D3-8AD6-5766EC5E2497}.Debug|x64.Build.0 = Debug|Any CPU
		{74ED798C-9C64-41D3-8AD6-5766EC5E2497}.Debug|x86.ActiveCfg = Debug|Any CPU
		{74ED798C-9C64-41D3-8AD6-5766EC5E2497}.Debug|x86.Build.0 = Debug|Any CPU
		{74ED798C-9C64-41D3-8AD6-5766EC5E2497}.Release|Any CPU.ActiveCfg = Release|Any CPU
		{74ED798C-9C64-41D3-8AD6-5766EC5E2497}.Release|Any CPU.Build.0 = Release|Any CPU
		{74ED798C-9C64-41D3-8AD6-5766EC5E2497}.Release|x64.ActiveCfg = Release|Any CPU
		{74ED798C-9C64-41D3-8AD6-5766EC5E2497}.Release|x64.Build.0 = Release|Any CPU
		{74ED798C-9C64-41D3-8AD6-5766EC5E2497}.Release|x86.ActiveCfg = Release|Any CPU
		{74ED798C-9C64-41D3-8AD6-5766EC5E2497}.Release|x86.Build.0 = Release|Any CPU
		{EB1E15FD-0F32-40BF-BCBE-905438AAF90D}.Debug|Any CPU.ActiveCfg = Debug|Any CPU
		{EB1E15FD-0F32-40BF-BCBE-905438AAF90D}.Debug|Any CPU.Build.0 = Debug|Any CPU
		{EB1E15FD-0F32-40BF-BCBE-905438AAF90D}.Debug|x64.ActiveCfg = Debug|Any CPU
		{EB1E15FD-0F32-40BF-BCBE-905438AAF90D}.Debug|x64.Build.0 = Debug|Any CPU
		{EB1E15FD-0F32-40BF-BCBE-905438AAF90D}.Debug|x86.ActiveCfg = Debug|Any CPU
		{EB1E15FD-0F32-40BF-BCBE-905438AAF90D}.Debug|x86.Build.0 = Debug|Any CPU
		{EB1E15FD-0F32-40BF-BCBE-905438AAF90D}.Release|Any CPU.ActiveCfg = Release|Any CPU
		{EB1E15FD-0F32-40BF-BCBE-905438AAF90D}.Release|Any CPU.Build.0 = Release|Any CPU
		{EB1E15FD-0F32-40BF-BCBE-905438AAF90D}.Release|x64.ActiveCfg = Release|Any CPU
		{EB1E15FD-0F32-40BF-BCBE-905438AAF90D}.Release|x64.Build.0 = Release|Any CPU
		{EB1E15FD-0F32-40BF-BCBE-905438AAF90D}.Release|x86.ActiveCfg = Release|Any CPU
		{EB1E15FD-0F32-40BF-BCBE-905438AAF90D}.Release|x86.Build.0 = Release|Any CPU
		{7DA62AFB-1412-4E6F-B8DD-C3348981360F}.Debug|Any CPU.ActiveCfg = Debug|Any CPU
		{7DA62AFB-1412-4E6F-B8DD-C3348981360F}.Debug|Any CPU.Build.0 = Debug|Any CPU
		{7DA62AFB-1412-4E6F-B8DD-C3348981360F}.Debug|x64.ActiveCfg = Debug|Any CPU
		{7DA62AFB-1412-4E6F-B8DD-C3348981360F}.Debug|x64.Build.0 = Debug|Any CPU
		{7DA62AFB-1412-4E6F-B8DD-C3348981360F}.Debug|x86.ActiveCfg = Debug|Any CPU
		{7DA62AFB-1412-4E6F-B8DD-C3348981360F}.Debug|x86.Build.0 = Debug|Any CPU
		{7DA62AFB-1412-4E6F-B8DD-C3348981360F}.Release|Any CPU.ActiveCfg = Release|Any CPU
		{7DA62AFB-1412-4E6F-B8DD-C3348981360F}.Release|Any CPU.Build.0 = Release|Any CPU
		{7DA62AFB-1412-4E6F-B8DD-C3348981360F}.Release|x64.ActiveCfg = Release|Any CPU
		{7DA62AFB-1412-4E6F-B8DD-C3348981360F}.Release|x64.Build.0 = Release|Any CPU
		{7DA62AFB-1412-4E6F-B8DD-C3348981360F}.Release|x86.ActiveCfg = Release|Any CPU
		{7DA62AFB-1412-4E6F-B8DD-C3348981360F}.Release|x86.Build.0 = Release|Any CPU
		{82674A5D-7C2F-42E7-991C-1BE58B85502F}.Debug|Any CPU.ActiveCfg = Debug|Any CPU
		{82674A5D-7C2F-42E7-991C-1BE58B85502F}.Debug|Any CPU.Build.0 = Debug|Any CPU
		{82674A5D-7C2F-42E7-991C-1BE58B85502F}.Debug|x64.ActiveCfg = Debug|Any CPU
		{82674A5D-7C2F-42E7-991C-1BE58B85502F}.Debug|x64.Build.0 = Debug|Any CPU
		{82674A5D-7C2F-42E7-991C-1BE58B85502F}.Debug|x86.ActiveCfg = Debug|Any CPU
		{82674A5D-7C2F-42E7-991C-1BE58B85502F}.Debug|x86.Build.0 = Debug|Any CPU
		{82674A5D-7C2F-42E7-991C-1BE58B85502F}.Release|Any CPU.ActiveCfg = Release|Any CPU
		{82674A5D-7C2F-42E7-991C-1BE58B85502F}.Release|Any CPU.Build.0 = Release|Any CPU
		{82674A5D-7C2F-42E7-991C-1BE58B85502F}.Release|x64.ActiveCfg = Release|Any CPU
		{82674A5D-7C2F-42E7-991C-1BE58B85502F}.Release|x64.Build.0 = Release|Any CPU
		{82674A5D-7C2F-42E7-991C-1BE58B85502F}.Release|x86.ActiveCfg = Release|Any CPU
		{82674A5D-7C2F-42E7-991C-1BE58B85502F}.Release|x86.Build.0 = Release|Any CPU
		{F7F79FA6-546B-4246-9030-C03C37178F02}.Debug|Any CPU.ActiveCfg = Debug|Any CPU
		{F7F79FA6-546B-4246-9030-C03C37178F02}.Debug|Any CPU.Build.0 = Debug|Any CPU
		{F7F79FA6-546B-4246-9030-C03C37178F02}.Debug|x64.ActiveCfg = Debug|Any CPU
		{F7F79FA6-546B-4246-9030-C03C37178F02}.Debug|x64.Build.0 = Debug|Any CPU
		{F7F79FA6-546B-4246-9030-C03C37178F02}.Debug|x86.ActiveCfg = Debug|Any CPU
		{F7F79FA6-546B-4246-9030-C03C37178F02}.Debug|x86.Build.0 = Debug|Any CPU
		{F7F79FA6-546B-4246-9030-C03C37178F02}.Release|Any CPU.ActiveCfg = Release|Any CPU
		{F7F79FA6-546B-4246-9030-C03C37178F02}.Release|Any CPU.Build.0 = Release|Any CPU
		{F7F79FA6-546B-4246-9030-C03C37178F02}.Release|x64.ActiveCfg = Release|Any CPU
		{F7F79FA6-546B-4246-9030-C03C37178F02}.Release|x64.Build.0 = Release|Any CPU
		{F7F79FA6-546B-4246-9030-C03C37178F02}.Release|x86.ActiveCfg = Release|Any CPU
		{F7F79FA6-546B-4246-9030-C03C37178F02}.Release|x86.Build.0 = Release|Any CPU
		{53DEC218-09CD-474B-8670-D6BA528E93EC}.Debug|Any CPU.ActiveCfg = Debug|Any CPU
		{53DEC218-09CD-474B-8670-D6BA528E93EC}.Debug|Any CPU.Build.0 = Debug|Any CPU
		{53DEC218-09CD-474B-8670-D6BA528E93EC}.Debug|x64.ActiveCfg = Debug|Any CPU
		{53DEC218-09CD-474B-8670-D6BA528E93EC}.Debug|x64.Build.0 = Debug|Any CPU
		{53DEC218-09CD-474B-8670-D6BA528E93EC}.Debug|x86.ActiveCfg = Debug|Any CPU
		{53DEC218-09CD-474B-8670-D6BA528E93EC}.Debug|x86.Build.0 = Debug|Any CPU
		{53DEC218-09CD-474B-8670-D6BA528E93EC}.Release|Any CPU.ActiveCfg = Release|Any CPU
		{53DEC218-09CD-474B-8670-D6BA528E93EC}.Release|Any CPU.Build.0 = Release|Any CPU
		{53DEC218-09CD-474B-8670-D6BA528E93EC}.Release|x64.ActiveCfg = Release|Any CPU
		{53DEC218-09CD-474B-8670-D6BA528E93EC}.Release|x64.Build.0 = Release|Any CPU
		{53DEC218-09CD-474B-8670-D6BA528E93EC}.Release|x86.ActiveCfg = Release|Any CPU
		{53DEC218-09CD-474B-8670-D6BA528E93EC}.Release|x86.Build.0 = Release|Any CPU
		{C0E79EF2-65A7-4E36-930C-552C81B1CEE7}.Debug|Any CPU.ActiveCfg = Debug|Any CPU
		{C0E79EF2-65A7-4E36-930C-552C81B1CEE7}.Debug|Any CPU.Build.0 = Debug|Any CPU
		{C0E79EF2-65A7-4E36-930C-552C81B1CEE7}.Debug|x64.ActiveCfg = Debug|Any CPU
		{C0E79EF2-65A7-4E36-930C-552C81B1CEE7}.Debug|x64.Build.0 = Debug|Any CPU
		{C0E79EF2-65A7-4E36-930C-552C81B1CEE7}.Debug|x86.ActiveCfg = Debug|Any CPU
		{C0E79EF2-65A7-4E36-930C-552C81B1CEE7}.Debug|x86.Build.0 = Debug|Any CPU
		{C0E79EF2-65A7-4E36-930C-552C81B1CEE7}.Release|Any CPU.ActiveCfg = Release|Any CPU
		{C0E79EF2-65A7-4E36-930C-552C81B1CEE7}.Release|Any CPU.Build.0 = Release|Any CPU
		{C0E79EF2-65A7-4E36-930C-552C81B1CEE7}.Release|x64.ActiveCfg = Release|Any CPU
		{C0E79EF2-65A7-4E36-930C-552C81B1CEE7}.Release|x64.Build.0 = Release|Any CPU
		{C0E79EF2-65A7-4E36-930C-552C81B1CEE7}.Release|x86.ActiveCfg = Release|Any CPU
		{C0E79EF2-65A7-4E36-930C-552C81B1CEE7}.Release|x86.Build.0 = Release|Any CPU
		{2C7F5A0C-6389-430D-9066-7D120AD83CFE}.Debug|Any CPU.ActiveCfg = Debug|Any CPU
		{2C7F5A0C-6389-430D-9066-7D120AD83CFE}.Debug|Any CPU.Build.0 = Debug|Any CPU
		{2C7F5A0C-6389-430D-9066-7D120AD83CFE}.Debug|x64.ActiveCfg = Debug|Any CPU
		{2C7F5A0C-6389-430D-9066-7D120AD83CFE}.Debug|x64.Build.0 = Debug|Any CPU
		{2C7F5A0C-6389-430D-9066-7D120AD83CFE}.Debug|x86.ActiveCfg = Debug|Any CPU
		{2C7F5A0C-6389-430D-9066-7D120AD83CFE}.Debug|x86.Build.0 = Debug|Any CPU
		{2C7F5A0C-6389-430D-9066-7D120AD83CFE}.Release|Any CPU.ActiveCfg = Release|Any CPU
		{2C7F5A0C-6389-430D-9066-7D120AD83CFE}.Release|Any CPU.Build.0 = Release|Any CPU
		{2C7F5A0C-6389-430D-9066-7D120AD83CFE}.Release|x64.ActiveCfg = Release|Any CPU
		{2C7F5A0C-6389-430D-9066-7D120AD83CFE}.Release|x64.Build.0 = Release|Any CPU
		{2C7F5A0C-6389-430D-9066-7D120AD83CFE}.Release|x86.ActiveCfg = Release|Any CPU
		{2C7F5A0C-6389-430D-9066-7D120AD83CFE}.Release|x86.Build.0 = Release|Any CPU
		{96539EFD-596C-4BFF-AB30-DCF7A4CC2AA6}.Debug|Any CPU.ActiveCfg = Debug|Any CPU
		{96539EFD-596C-4BFF-AB30-DCF7A4CC2AA6}.Debug|Any CPU.Build.0 = Debug|Any CPU
		{96539EFD-596C-4BFF-AB30-DCF7A4CC2AA6}.Debug|x64.ActiveCfg = Debug|Any CPU
		{96539EFD-596C-4BFF-AB30-DCF7A4CC2AA6}.Debug|x64.Build.0 = Debug|Any CPU
		{96539EFD-596C-4BFF-AB30-DCF7A4CC2AA6}.Debug|x86.ActiveCfg = Debug|Any CPU
		{96539EFD-596C-4BFF-AB30-DCF7A4CC2AA6}.Debug|x86.Build.0 = Debug|Any CPU
		{96539EFD-596C-4BFF-AB30-DCF7A4CC2AA6}.Release|Any CPU.ActiveCfg = Release|Any CPU
		{96539EFD-596C-4BFF-AB30-DCF7A4CC2AA6}.Release|Any CPU.Build.0 = Release|Any CPU
		{96539EFD-596C-4BFF-AB30-DCF7A4CC2AA6}.Release|x64.ActiveCfg = Release|Any CPU
		{96539EFD-596C-4BFF-AB30-DCF7A4CC2AA6}.Release|x64.Build.0 = Release|Any CPU
		{96539EFD-596C-4BFF-AB30-DCF7A4CC2AA6}.Release|x86.ActiveCfg = Release|Any CPU
		{96539EFD-596C-4BFF-AB30-DCF7A4CC2AA6}.Release|x86.Build.0 = Release|Any CPU
	EndGlobalSection
	GlobalSection(NestedProjects) = preSolution
		{7DFC52F0-0A28-11EB-BA91-77C8FEE718CF} = {DB9A27E9-D69B-43A9-B1C0-72A27D67D2A0}
		{4C3BDEF2-35E9-40C0-900C-0EC3AF8BC304} = {DB9A27E9-D69B-43A9-B1C0-72A27D67D2A0}
		{74ED798C-9C64-41D3-8AD6-5766EC5E2497} = {DB9A27E9-D69B-43A9-B1C0-72A27D67D2A0}
		{EB1E15FD-0F32-40BF-BCBE-905438AAF90D} = {DB9A27E9-D69B-43A9-B1C0-72A27D67D2A0}
		{7DA62AFB-1412-4E6F-B8DD-C3348981360F} = {DB9A27E9-D69B-43A9-B1C0-72A27D67D2A0}
		{82674A5D-7C2F-42E7-991C-1BE58B85502F} = {7DFC52F0-0A28-11EB-BA91-77C8FEE718CF}
		{F7F79FA6-546B-4246-9030-C03C37178F02} = {DB9A27E9-D69B-43A9-B1C0-72A27D67D2A0}
		{53DEC218-09CD-474B-8670-D6BA528E93EC} = {DB9A27E9-D69B-43A9-B1C0-72A27D67D2A0}
		{C0E79EF2-65A7-4E36-930C-552C81B1CEE7} = {DB9A27E9-D69B-43A9-B1C0-72A27D67D2A0}
		{2C7F5A0C-6389-430D-9066-7D120AD83CFE} = {7DFC52F0-0A28-11EB-BA91-77C8FEE718CF}
		{96539EFD-596C-4BFF-AB30-DCF7A4CC2AA6} = {7DFC52F0-0A28-11EB-BA91-77C8FEE718CF}
	EndGlobalSection
EndGlobal
